
Microsoft Visual Studio Solution File, Format Version 12.00
# Visual Studio Version 16
VisualStudioVersion = 16.0.30114.105
MinimumVisualStudioVersion = 10.0.40219.1
Project("{FAE04EC0-301F-11D3-BF4B-00C04F79EFBC}") = "XamarinPushLinkSampleApp", "XamarinPushLinkSampleApp\XamarinPushLinkSampleApp.csproj", "{4A0F6EB9-41FA-42A6-8F80-9082D73BD54F}"
EndProject
Global
	GlobalSection(SolutionConfigurationPlatforms) = preSolution
		Debug|Any CPU = Debug|Any CPU
		Release|Any CPU = Release|Any CPU
	EndGlobalSection
	GlobalSection(ProjectConfigurationPlatforms) = postSolution
		{4A0F6EB9-41FA-42A6-8F80-9082D73BD54F}.Debug|Any CPU.ActiveCfg = Debug|Any CPU
		{4A0F6EB9-41FA-42A6-8F80-9082D73BD54F}.Debug|Any CPU.Build.0 = Debug|Any CPU
		{4A0F6EB9-41FA-42A6-8F80-9082D73BD54F}.Debug|Any CPU.Deploy.0 = Debug|Any CPU
		{4A0F6EB9-41FA-42A6-8F80-9082D73BD54F}.Release|Any CPU.ActiveCfg = Release|Any CPU
		{4A0F6EB9-41FA-42A6-8F80-9082D73BD54F}.Release|Any CPU.Build.0 = Release|Any CPU
		{4A0F6EB9-41FA-42A6-8F80-9082D73BD54F}.Release|Any CPU.Deploy.0 = Release|Any CPU
	EndGlobalSection
	GlobalSection(SolutionProperties) = preSolution
		HideSolutionNode = FALSE
	EndGlobalSection
	GlobalSection(ExtensibilityGlobals) = postSolution
		SolutionGuid = {F606D6A1-C15D-45C2-9B15-13BC31820053}
	EndGlobalSection
EndGlobal
